{
  "name": "openvino-node-transformers.js-demo",
  "version": "1.0.0",
  "lockfileVersion": 3,
  "requires": true,
  "packages": {
    "": {
      "name": "openvino-node-transformers.js-demo",
      "version": "1.0.0",
      "license": "Apache-2.0",
      "dependencies": {
        "@xenova/transformers": "file:../../"
      },
      "engines": {
        "node": ">=20.5.1"
      }
    },
    "..": {
      "extraneous": true
    },
    "../..": {
      "name": "@xenova/transformers",
      "version": "2.16.0",
      "license": "Apache-2.0",
      "dependencies": {
        "@huggingface/jinja": "^0.2.1",
        "onnxruntime-web": "1.14.0",
        "openvino-node": "^2024.0.0",
        "sharp": "^0.32.0"
      },
      "devDependencies": {
        "@types/jest": "^29.5.1",
        "catharsis": "github:xenova/catharsis",
        "copy-webpack-plugin": "^11.0.0",
        "jest": "^29.5.0",
        "jest-environment-node": "^29.5.0",
        "jsdoc-to-markdown": "^8.0.1",
        "typescript": "^5.2.2",
        "wavefile": "^11.0.0",
        "webpack": "^5.80.0",
        "webpack-cli": "^5.0.2",
        "webpack-dev-server": "^4.13.3"
      },
      "optionalDependencies": {
        "onnxruntime-node": "1.14.0"
      }
    },
    "node_modules/@xenova/transformers": {
      "resolved": "../..",
      "link": true
    }
  }
}
